
Microsoft Visual Studio Solution File, Format Version 12.00
# Visual Studio 2012
Project("{FAE04EC0-301F-11D3-BF4B-00C04F79EFBC}") = "KurumimREPII", "KurumimREPII\KurumimREPII.csproj", "{CDEF93F3-366C-4510-A1F0-7BC0E978BFDA}"
EndProject
Global
	GlobalSection(SolutionConfigurationPlatforms) = preSolution
		Debug|Any CPU = Debug|Any CPU
		Release|Any CPU = Release|Any CPU
	EndGlobalSection
	GlobalSection(ProjectConfigurationPlatforms) = postSolution
		{CDEF93F3-366C-4510-A1F0-7BC0E978BFDA}.Debug|Any CPU.ActiveCfg = Debug|Any CPU
		{CDEF93F3-366C-4510-A1F0-7BC0E978BFDA}.Debug|Any CPU.Build.0 = Debug|Any CPU
		{CDEF93F3-366C-4510-A1F0-7BC0E978BFDA}.Release|Any CPU.ActiveCfg = Release|Any CPU
		{CDEF93F3-366C-4510-A1F0-7BC0E978BFDA}.Release|Any CPU.Build.0 = Release|Any CPU
	EndGlobalSection
	GlobalSection(SolutionProperties) = preSolution
		HideSolutionNode = FALSE
	EndGlobalSection
EndGlobal
