
Microsoft Visual Studio Solution File, Format Version 12.00
# Visual Studio 15
VisualStudioVersion = 15.0.26730.16
MinimumVisualStudioVersion = 10.0.40219.1
Project("{FAE04EC0-301F-11D3-BF4B-00C04F79EFBC}") = "MiniPrintII", "MiniPrintII\MiniPrintII.csproj", "{210637CA-2B09-464E-96FB-13C43F5A3E07}"
EndProject
Project("{FAE04EC0-301F-11D3-BF4B-00C04F79EFBC}") = "PrintPointIII", "PrintPointIII\PrintPointIII.csproj", "{B96ECFE7-7544-4001-8F81-DF39C1C78114}"
EndProject
Global
	GlobalSection(SolutionConfigurationPlatforms) = preSolution
		Debug|Any CPU = Debug|Any CPU
		Release|Any CPU = Release|Any CPU
	EndGlobalSection
	GlobalSection(ProjectConfigurationPlatforms) = postSolution
		{210637CA-2B09-464E-96FB-13C43F5A3E07}.Debug|Any CPU.ActiveCfg = Debug|Any CPU
		{210637CA-2B09-464E-96FB-13C43F5A3E07}.Debug|Any CPU.Build.0 = Debug|Any CPU
		{210637CA-2B09-464E-96FB-13C43F5A3E07}.Release|Any CPU.ActiveCfg = Release|Any CPU
		{210637CA-2B09-464E-96FB-13C43F5A3E07}.Release|Any CPU.Build.0 = Release|Any CPU
		{B96ECFE7-7544-4001-8F81-DF39C1C78114}.Debug|Any CPU.ActiveCfg = Debug|Any CPU
		{B96ECFE7-7544-4001-8F81-DF39C1C78114}.Debug|Any CPU.Build.0 = Debug|Any CPU
		{B96ECFE7-7544-4001-8F81-DF39C1C78114}.Release|Any CPU.ActiveCfg = Release|Any CPU
		{B96ECFE7-7544-4001-8F81-DF39C1C78114}.Release|Any CPU.Build.0 = Release|Any CPU
	EndGlobalSection
	GlobalSection(SolutionProperties) = preSolution
		HideSolutionNode = FALSE
	EndGlobalSection
	GlobalSection(ExtensibilityGlobals) = postSolution
		SolutionGuid = {4B9E8609-21EE-4D30-BF25-9ED5FCB5EA86}
	EndGlobalSection
EndGlobal
