
Microsoft Visual Studio Solution File, Format Version 11.00
# Visual Studio 2010
Project("{FAE04EC0-301F-11D3-BF4B-00C04F79EFBC}") = "IDSysR30_CSharp", "IDSysR30_CSharp\IDSysR30_CSharp.csproj", "{F5F7D6F0-5660-42CF-8C25-B7BA94E5433B}"
EndProject
Global
	GlobalSection(SolutionConfigurationPlatforms) = preSolution
		Debug|x86 = Debug|x86
		Release|x86 = Release|x86
	EndGlobalSection
	GlobalSection(ProjectConfigurationPlatforms) = postSolution
		{F5F7D6F0-5660-42CF-8C25-B7BA94E5433B}.Debug|x86.ActiveCfg = Debug|x86
		{F5F7D6F0-5660-42CF-8C25-B7BA94E5433B}.Debug|x86.Build.0 = Debug|x86
		{F5F7D6F0-5660-42CF-8C25-B7BA94E5433B}.Release|x86.ActiveCfg = Release|x86
		{F5F7D6F0-5660-42CF-8C25-B7BA94E5433B}.Release|x86.Build.0 = Release|x86
	EndGlobalSection
	GlobalSection(SolutionProperties) = preSolution
		HideSolutionNode = FALSE
	EndGlobalSection
EndGlobal
