
Microsoft Visual Studio Solution File, Format Version 12.00
# Visual Studio 15
VisualStudioVersion = 15.0.26730.16
MinimumVisualStudioVersion = 10.0.40219.1
Project("{FAE04EC0-301F-11D3-BF4B-00C04F79EFBC}") = "ControlIdClass", "ControlIdClass\ControlIdClass.csproj", "{65BBB489-C363-43AC-B99F-5911119336A4}"
EndProject
Project("{FAE04EC0-301F-11D3-BF4B-00C04F79EFBC}") = "ControlIdX", "ControlIdX\ControlIdX.csproj", "{005B7767-2AFB-4DEC-8806-A392A2C5C97A}"
EndProject
Global
	GlobalSection(SolutionConfigurationPlatforms) = preSolution
		Debug|Any CPU = Debug|Any CPU
		Release|Any CPU = Release|Any CPU
	EndGlobalSection
	GlobalSection(ProjectConfigurationPlatforms) = postSolution
		{65BBB489-C363-43AC-B99F-5911119336A4}.Debug|Any CPU.ActiveCfg = Debug|Any CPU
		{65BBB489-C363-43AC-B99F-5911119336A4}.Debug|Any CPU.Build.0 = Debug|Any CPU
		{65BBB489-C363-43AC-B99F-5911119336A4}.Release|Any CPU.ActiveCfg = Release|Any CPU
		{65BBB489-C363-43AC-B99F-5911119336A4}.Release|Any CPU.Build.0 = Release|Any CPU
		{005B7767-2AFB-4DEC-8806-A392A2C5C97A}.Debug|Any CPU.ActiveCfg = Debug|Any CPU
		{005B7767-2AFB-4DEC-8806-A392A2C5C97A}.Debug|Any CPU.Build.0 = Debug|Any CPU
		{005B7767-2AFB-4DEC-8806-A392A2C5C97A}.Release|Any CPU.ActiveCfg = Release|Any CPU
		{005B7767-2AFB-4DEC-8806-A392A2C5C97A}.Release|Any CPU.Build.0 = Release|Any CPU
	EndGlobalSection
	GlobalSection(SolutionProperties) = preSolution
		HideSolutionNode = FALSE
	EndGlobalSection
	GlobalSection(ExtensibilityGlobals) = postSolution
		SolutionGuid = {B5361088-AC67-44D6-ACA7-C212FDEB002C}
	EndGlobalSection
EndGlobal
